
Microsoft Visual Studio Solution File, Format Version 12.00
# Visual Studio Version 16
VisualStudioVersion = 16.0.29613.14
MinimumVisualStudioVersion = 10.0.40219.1
Project("{8BC9CEB8-8B4A-11D0-8D11-00A0C91BC942}") = "calculator", "calculator.vcxproj", "{4C9FE463-8D45-4053-A18E-97502A261CF3}"
EndProject
Global
	GlobalSection(SolutionConfigurationPlatforms) = preSolution
		Debug|x64 = Debug|x64
		Debug|x86 = Debug|x86
		Release|x64 = Release|x64
		Release|x86 = Release|x86
	EndGlobalSection
	GlobalSection(ProjectConfigurationPlatforms) = postSolution
		{4C9FE463-8D45-4053-A18E-97502A261CF3}.Debug|x64.ActiveCfg = Debug|x64
		{4C9FE463-8D45-4053-A18E-97502A261CF3}.Debug|x64.Build.0 = Debug|x64
		{4C9FE463-8D45-4053-A18E-97502A261CF3}.Debug|x86.ActiveCfg = Debug|Win32
		{4C9FE463-8D45-4053-A18E-97502A261CF3}.Debug|x86.Build.0 = Debug|Win32
		{4C9FE463-8D45-4053-A18E-97502A261CF3}.Release|x64.ActiveCfg = Release|x64
		{4C9FE463-8D45-4053-A18E-97502A261CF3}.Release|x64.Build.0 = Release|x64
		{4C9FE463-8D45-4053-A18E-97502A261CF3}.Release|x86.ActiveCfg = Release|Win32
		{4C9FE463-8D45-4053-A18E-97502A261CF3}.Release|x86.Build.0 = Release|Win32
	EndGlobalSection
	GlobalSection(SolutionProperties) = preSolution
		HideSolutionNode = FALSE
	EndGlobalSection
	GlobalSection(ExtensibilityGlobals) = postSolution
		SolutionGuid = {8C90A636-85D6-4365-B0A5-2FBCE5D4721A}
	EndGlobalSection
EndGlobal
