
Microsoft Visual Studio Solution File, Format Version 12.00
# Visual Studio Version 16
VisualStudioVersion = 16.0.29613.14
MinimumVisualStudioVersion = 10.0.40219.1
Project("{8BC9CEB8-8B4A-11D0-8D11-00A0C91BC942}") = "loops", "loops.vcxproj", "{7D32D839-A26A-4547-9925-F8017A69A6A5}"
EndProject
Global
	GlobalSection(SolutionConfigurationPlatforms) = preSolution
		Debug|x64 = Debug|x64
		Debug|x86 = Debug|x86
		Release|x64 = Release|x64
		Release|x86 = Release|x86
	EndGlobalSection
	GlobalSection(ProjectConfigurationPlatforms) = postSolution
		{7D32D839-A26A-4547-9925-F8017A69A6A5}.Debug|x64.ActiveCfg = Debug|x64
		{7D32D839-A26A-4547-9925-F8017A69A6A5}.Debug|x64.Build.0 = Debug|x64
		{7D32D839-A26A-4547-9925-F8017A69A6A5}.Debug|x86.ActiveCfg = Debug|Win32
		{7D32D839-A26A-4547-9925-F8017A69A6A5}.Debug|x86.Build.0 = Debug|Win32
		{7D32D839-A26A-4547-9925-F8017A69A6A5}.Release|x64.ActiveCfg = Release|x64
		{7D32D839-A26A-4547-9925-F8017A69A6A5}.Release|x64.Build.0 = Release|x64
		{7D32D839-A26A-4547-9925-F8017A69A6A5}.Release|x86.ActiveCfg = Release|Win32
		{7D32D839-A26A-4547-9925-F8017A69A6A5}.Release|x86.Build.0 = Release|Win32
	EndGlobalSection
	GlobalSection(SolutionProperties) = preSolution
		HideSolutionNode = FALSE
	EndGlobalSection
	GlobalSection(ExtensibilityGlobals) = postSolution
		SolutionGuid = {20B8BFF2-F818-45B3-AB57-7E30C2016F58}
	EndGlobalSection
EndGlobal
