
Microsoft Visual Studio Solution File, Format Version 12.00
# Visual Studio Version 16
VisualStudioVersion = 16.0.29613.14
MinimumVisualStudioVersion = 10.0.40219.1
Project("{8BC9CEB8-8B4A-11D0-8D11-00A0C91BC942}") = "wage calculator revised", "wage calculator revised.vcxproj", "{EB66C587-B8D7-4143-BFFC-9DD4B9BD1C73}"
EndProject
Global
	GlobalSection(SolutionConfigurationPlatforms) = preSolution
		Debug|x64 = Debug|x64
		Debug|x86 = Debug|x86
		Release|x64 = Release|x64
		Release|x86 = Release|x86
	EndGlobalSection
	GlobalSection(ProjectConfigurationPlatforms) = postSolution
		{EB66C587-B8D7-4143-BFFC-9DD4B9BD1C73}.Debug|x64.ActiveCfg = Debug|x64
		{EB66C587-B8D7-4143-BFFC-9DD4B9BD1C73}.Debug|x64.Build.0 = Debug|x64
		{EB66C587-B8D7-4143-BFFC-9DD4B9BD1C73}.Debug|x86.ActiveCfg = Debug|Win32
		{EB66C587-B8D7-4143-BFFC-9DD4B9BD1C73}.Debug|x86.Build.0 = Debug|Win32
		{EB66C587-B8D7-4143-BFFC-9DD4B9BD1C73}.Release|x64.ActiveCfg = Release|x64
		{EB66C587-B8D7-4143-BFFC-9DD4B9BD1C73}.Release|x64.Build.0 = Release|x64
		{EB66C587-B8D7-4143-BFFC-9DD4B9BD1C73}.Release|x86.ActiveCfg = Release|Win32
		{EB66C587-B8D7-4143-BFFC-9DD4B9BD1C73}.Release|x86.Build.0 = Release|Win32
	EndGlobalSection
	GlobalSection(SolutionProperties) = preSolution
		HideSolutionNode = FALSE
	EndGlobalSection
	GlobalSection(ExtensibilityGlobals) = postSolution
		SolutionGuid = {9A1DA390-486E-486B-B82D-586BDBCE1867}
	EndGlobalSection
EndGlobal
